
Microsoft Visual Studio Solution File, Format Version 12.00
# Visual Studio Version 16
VisualStudioVersion = 16.0.33801.447
MinimumVisualStudioVersion = 10.0.40219.1
Project("{FAE04EC0-301F-11D3-BF4B-00C04F79EFBC}") = "Movie", "Movie\Movie.csproj", "{FFD4B2AC-3B31-4FFA-8D91-BCD92BB65698}"
EndProject
Global
	GlobalSection(SolutionConfigurationPlatforms) = preSolution
		Debug|Any CPU = Debug|Any CPU
		Release|Any CPU = Release|Any CPU
	EndGlobalSection
	GlobalSection(ProjectConfigurationPlatforms) = postSolution
		{FFD4B2AC-3B31-4FFA-8D91-BCD92BB65698}.Debug|Any CPU.ActiveCfg = Debug|Any CPU
		{FFD4B2AC-3B31-4FFA-8D91-BCD92BB65698}.Debug|Any CPU.Build.0 = Debug|Any CPU
		{FFD4B2AC-3B31-4FFA-8D91-BCD92BB65698}.Release|Any CPU.ActiveCfg = Release|Any CPU
		{FFD4B2AC-3B31-4FFA-8D91-BCD92BB65698}.Release|Any CPU.Build.0 = Release|Any CPU
	EndGlobalSection
	GlobalSection(SolutionProperties) = preSolution
		HideSolutionNode = FALSE
	EndGlobalSection
	GlobalSection(ExtensibilityGlobals) = postSolution
		SolutionGuid = {6835B522-D76F-4EC8-BFD6-0C5468202CF6}
	EndGlobalSection
EndGlobal
