
Microsoft Visual Studio Solution File, Format Version 12.00
# Visual Studio Version 17
VisualStudioVersion = 17.7.34024.191
MinimumVisualStudioVersion = 10.0.40219.1
Project("{9A19103F-16F7-4668-BE54-9A1E7A4F7556}") = "firstApp", "firstApp\firstApp.csproj", "{ED9474B5-2389-4859-85EC-274F8319E831}"
EndProject
Project("{9A19103F-16F7-4668-BE54-9A1E7A4F7556}") = "MathBasic", "MathBasic\MathBasic.csproj", "{6129526E-4B74-4FD8-AFC0-F0E57C10794E}"
EndProject
Project("{9A19103F-16F7-4668-BE54-9A1E7A4F7556}") = "BlogApp", "BlogApp\BlogApp.csproj", "{393497EB-71EA-40FA-B646-4E557414C089}"
EndProject
Project("{9A19103F-16F7-4668-BE54-9A1E7A4F7556}") = "QuanLy", "QuanLy\QuanLy.csproj", "{1933509A-A135-4415-8FDB-1AFD280BB619}"
EndProject
Project("{FAE04EC0-301F-11D3-BF4B-00C04F79EFBC}") = "QuanLySanPham", "QuanLySanPham\QuanLySanPham.csproj", "{16AC7F2C-277E-4B8F-B9BC-8063C2D09299}"
EndProject
Global
	GlobalSection(SolutionConfigurationPlatforms) = preSolution
		Debug|Any CPU = Debug|Any CPU
		Release|Any CPU = Release|Any CPU
	EndGlobalSection
	GlobalSection(ProjectConfigurationPlatforms) = postSolution
		{ED9474B5-2389-4859-85EC-274F8319E831}.Debug|Any CPU.ActiveCfg = Debug|Any CPU
		{ED9474B5-2389-4859-85EC-274F8319E831}.Debug|Any CPU.Build.0 = Debug|Any CPU
		{ED9474B5-2389-4859-85EC-274F8319E831}.Release|Any CPU.ActiveCfg = Release|Any CPU
		{ED9474B5-2389-4859-85EC-274F8319E831}.Release|Any CPU.Build.0 = Release|Any CPU
		{6129526E-4B74-4FD8-AFC0-F0E57C10794E}.Debug|Any CPU.ActiveCfg = Debug|Any CPU
		{6129526E-4B74-4FD8-AFC0-F0E57C10794E}.Debug|Any CPU.Build.0 = Debug|Any CPU
		{6129526E-4B74-4FD8-AFC0-F0E57C10794E}.Release|Any CPU.ActiveCfg = Release|Any CPU
		{6129526E-4B74-4FD8-AFC0-F0E57C10794E}.Release|Any CPU.Build.0 = Release|Any CPU
		{393497EB-71EA-40FA-B646-4E557414C089}.Debug|Any CPU.ActiveCfg = Debug|Any CPU
		{393497EB-71EA-40FA-B646-4E557414C089}.Debug|Any CPU.Build.0 = Debug|Any CPU
		{393497EB-71EA-40FA-B646-4E557414C089}.Release|Any CPU.ActiveCfg = Release|Any CPU
		{393497EB-71EA-40FA-B646-4E557414C089}.Release|Any CPU.Build.0 = Release|Any CPU
		{1933509A-A135-4415-8FDB-1AFD280BB619}.Debug|Any CPU.ActiveCfg = Debug|Any CPU
		{1933509A-A135-4415-8FDB-1AFD280BB619}.Debug|Any CPU.Build.0 = Debug|Any CPU
		{1933509A-A135-4415-8FDB-1AFD280BB619}.Release|Any CPU.ActiveCfg = Release|Any CPU
		{1933509A-A135-4415-8FDB-1AFD280BB619}.Release|Any CPU.Build.0 = Release|Any CPU
		{16AC7F2C-277E-4B8F-B9BC-8063C2D09299}.Debug|Any CPU.ActiveCfg = Debug|Any CPU
		{16AC7F2C-277E-4B8F-B9BC-8063C2D09299}.Debug|Any CPU.Build.0 = Debug|Any CPU
		{16AC7F2C-277E-4B8F-B9BC-8063C2D09299}.Release|Any CPU.ActiveCfg = Release|Any CPU
		{16AC7F2C-277E-4B8F-B9BC-8063C2D09299}.Release|Any CPU.Build.0 = Release|Any CPU
	EndGlobalSection
	GlobalSection(SolutionProperties) = preSolution
		HideSolutionNode = FALSE
	EndGlobalSection
	GlobalSection(ExtensibilityGlobals) = postSolution
		SolutionGuid = {4507C3EE-DAF5-4F8F-8EA7-34C8B0CE9013}
	EndGlobalSection
EndGlobal
