
Microsoft Visual Studio Solution File, Format Version 12.00
# Visual Studio Version 16
VisualStudioVersion = 16.0.33801.447
MinimumVisualStudioVersion = 10.0.40219.1
Project("{FAE04EC0-301F-11D3-BF4B-00C04F79EFBC}") = "WebApplication1", "WebApplication1\WebApplication1.csproj", "{86419B48-0FD7-44FE-BFEE-DDCE102BBC6E}"
EndProject
Global
	GlobalSection(SolutionConfigurationPlatforms) = preSolution
		Debug|Any CPU = Debug|Any CPU
		Release|Any CPU = Release|Any CPU
	EndGlobalSection
	GlobalSection(ProjectConfigurationPlatforms) = postSolution
		{86419B48-0FD7-44FE-BFEE-DDCE102BBC6E}.Debug|Any CPU.ActiveCfg = Debug|Any CPU
		{86419B48-0FD7-44FE-BFEE-DDCE102BBC6E}.Debug|Any CPU.Build.0 = Debug|Any CPU
		{86419B48-0FD7-44FE-BFEE-DDCE102BBC6E}.Release|Any CPU.ActiveCfg = Release|Any CPU
		{86419B48-0FD7-44FE-BFEE-DDCE102BBC6E}.Release|Any CPU.Build.0 = Release|Any CPU
	EndGlobalSection
	GlobalSection(SolutionProperties) = preSolution
		HideSolutionNode = FALSE
	EndGlobalSection
	GlobalSection(ExtensibilityGlobals) = postSolution
		SolutionGuid = {013D797C-6953-48D5-B734-BEBA12ED4C5F}
	EndGlobalSection
EndGlobal
